// !$*UTF8*$!
{
	archiveVersion = 1;
	classes = {
	};
	objectVersion = 50;
	objects = {

/* Begin PBXBuildFile section */
		540E4AC024596EF400DD8F64 /* AppDelegate.swift in Sources */ = {isa = PBXBuildFile; fileRef = 540E4ABF24596EF400DD8F64 /* AppDelegate.swift */; };
		540E4AC224596EF400DD8F64 /* SceneDelegate.swift in Sources */ = {isa = PBXBuildFile; fileRef = 540E4AC124596EF400DD8F64 /* SceneDelegate.swift */; };
		540E4AC724596EF400DD8F64 /* Main.storyboard in Resources */ = {isa = PBXBuildFile; fileRef = 540E4AC524596EF400DD8F64 /* Main.storyboard */; };
		540E4AC924596EF500DD8F64 /* Assets.xcassets in Resources */ = {isa = PBXBuildFile; fileRef = 540E4AC824596EF500DD8F64 /* Assets.xcassets */; };
		540E4ACC24596EF500DD8F64 /* LaunchScreen.storyboard in Resources */ = {isa = PBXBuildFile; fileRef = 540E4ACA24596EF500DD8F64 /* LaunchScreen.storyboard */; };
		540E4AD524596F3D00DD8F64 /* firstViewController.swift in Sources */ = {isa = PBXBuildFile; fileRef = 540E4AD324596F3D00DD8F64 /* firstViewController.swift */; };
		540E4AD624596F3D00DD8F64 /* firstViewController.xib in Resources */ = {isa = PBXBuildFile; fileRef = 540E4AD424596F3D00DD8F64 /* firstViewController.xib */; };
		540E4AD92459739100DD8F64 /* secondViewController.swift in Sources */ = {isa = PBXBuildFile; fileRef = 540E4AD72459739100DD8F64 /* secondViewController.swift */; };
		540E4ADA2459739100DD8F64 /* secondViewController.xib in Resources */ = {isa = PBXBuildFile; fileRef = 540E4AD82459739100DD8F64 /* secondViewController.xib */; };
		540E4ADC24598AED00DD8F64 /* check.swift in Sources */ = {isa = PBXBuildFile; fileRef = 540E4ADB24598AED00DD8F64 /* check.swift */; };
/* End PBXBuildFile section */

/* Begin PBXFileReference section */
		540E4ABC24596EF400DD8F64 /* baitapbuoi20.app */ = {isa = PBXFileReference; explicitFileType = wrapper.application; includeInIndex = 0; path = baitapbuoi20.app; sourceTree = BUILT_PRODUCTS_DIR; };
		540E4ABF24596EF400DD8F64 /* AppDelegate.swift */ = {isa = PBXFileReference; lastKnownFileType = sourcecode.swift; path = AppDelegate.swift; sourceTree = "<group>"; };
		540E4AC124596EF400DD8F64 /* SceneDelegate.swift */ = {isa = PBXFileReference; lastKnownFileType = sourcecode.swift; path = SceneDelegate.swift; sourceTree = "<group>"; };
		540E4AC624596EF400DD8F64 /* Base */ = {isa = PBXFileReference; lastKnownFileType = file.storyboard; name = Base; path = Base.lproj/Main.storyboard; sourceTree = "<group>"; };
		540E4AC824596EF500DD8F64 /* Assets.xcassets */ = {isa = PBXFileReference; lastKnownFileType = folder.assetcatalog; path = Assets.xcassets; sourceTree = "<group>"; };
		540E4ACB24596EF500DD8F64 /* Base */ = {isa = PBXFileReference; lastKnownFileType = file.storyboard; name = Base; path = Base.lproj/LaunchScreen.storyboard; sourceTree = "<group>"; };
		540E4ACD24596EF500DD8F64 /* Info.plist */ = {isa = PBXFileReference; lastKnownFileType = text.plist.xml; path = Info.plist; sourceTree = "<group>"; };
		540E4AD324596F3D00DD8F64 /* firstViewController.swift */ = {isa = PBXFileReference; lastKnownFileType = sourcecode.swift; path = firstViewController.swift; sourceTree = "<group>"; };
		540E4AD424596F3D00DD8F64 /* firstViewController.xib */ = {isa = PBXFileReference; lastKnownFileType = file.xib; path = firstViewController.xib; sourceTree = "<group>"; };
		540E4AD72459739100DD8F64 /* secondViewController.swift */ = {isa = PBXFileReference; lastKnownFileType = sourcecode.swift; path = secondViewController.swift; sourceTree = "<group>"; };
		540E4AD82459739100DD8F64 /* secondViewController.xib */ = {isa = PBXFileReference; lastKnownFileType = file.xib; path = secondViewController.xib; sourceTree = "<group>"; };
		540E4ADB24598AED00DD8F64 /* check.swift */ = {isa = PBXFileReference; lastKnownFileType = sourcecode.swift; path = check.swift; sourceTree = "<group>"; };
/* End PBXFileReference section */

/* Begin PBXFrameworksBuildPhase section */
		540E4AB924596EF400DD8F64 /* Frameworks */ = {
			isa = PBXFrameworksBuildPhase;
			buildActionMask = 2147483647;
			files = (
			);
			runOnlyForDeploymentPostprocessing = 0;
		};
/* End PBXFrameworksBuildPhase section */

/* Begin PBXGroup section */
		540E4AB324596EF400DD8F64 = {
			isa = PBXGroup;
			children = (
				540E4ABE24596EF400DD8F64 /* baitapbuoi20 */,
				540E4ABD24596EF400DD8F64 /* Products */,
			);
			sourceTree = "<group>";
		};
		540E4ABD24596EF400DD8F64 /* Products */ = {
			isa = PBXGroup;
			children = (
				540E4ABC24596EF400DD8F64 /* baitapbuoi20.app */,
			);
			name = Products;
			sourceTree = "<group>";
		};
		540E4ABE24596EF400DD8F64 /* baitapbuoi20 */ = {
			isa = PBXGroup;
			children = (
				540E4ABF24596EF400DD8F64 /* AppDelegate.swift */,
				540E4AC124596EF400DD8F64 /* SceneDelegate.swift */,
				540E4AD324596F3D00DD8F64 /* firstViewController.swift */,
				540E4AD424596F3D00DD8F64 /* firstViewController.xib */,
				540E4AD72459739100DD8F64 /* secondViewController.swift */,
				540E4ADB24598AED00DD8F64 /* check.swift */,
				540E4AD82459739100DD8F64 /* secondViewController.xib */,
				540E4AC524596EF400DD8F64 /* Main.storyboard */,
				540E4AC824596EF500DD8F64 /* Assets.xcassets */,
				540E4ACA24596EF500DD8F64 /* LaunchScreen.storyboard */,
				540E4ACD24596EF500DD8F64 /* Info.plist */,
			);
			path = baitapbuoi20;
			sourceTree = "<group>";
		};
/* End PBXGroup section */

/* Begin PBXNativeTarget section */
		540E4ABB24596EF400DD8F64 /* baitapbuoi20 */ = {
			isa = PBXNativeTarget;
			buildConfigurationList = 540E4AD024596EF500DD8F64 /* Build configuration list for PBXNativeTarget "baitapbuoi20" */;
			buildPhases = (
				540E4AB824596EF400DD8F64 /* Sources */,
				540E4AB924596EF400DD8F64 /* Frameworks */,
				540E4ABA24596EF400DD8F64 /* Resources */,
			);
			buildRules = (
			);
			dependencies = (
			);
			name = baitapbuoi20;
			productName = baitapbuoi20;
			productReference = 540E4ABC24596EF400DD8F64 /* baitapbuoi20.app */;
			productType = "com.apple.product-type.application";
		};
/* End PBXNativeTarget section */

/* Begin PBXProject section */
		540E4AB424596EF400DD8F64 /* Project object */ = {
			isa = PBXProject;
			attributes = {
				LastSwiftUpdateCheck = 1130;
				LastUpgradeCheck = 1130;
				ORGANIZATIONNAME = Toan;
				TargetAttributes = {
					540E4ABB24596EF400DD8F64 = {
						CreatedOnToolsVersion = 11.3;
					};
				};
			};
			buildConfigurationList = 540E4AB724596EF400DD8F64 /* Build configuration list for PBXProject "baitapbuoi20" */;
			compatibilityVersion = "Xcode 9.3";
			developmentRegion = en;
			hasScannedForEncodings = 0;
			knownRegions = (
				en,
				Base,
			);
			mainGroup = 540E4AB324596EF400DD8F64;
			productRefGroup = 540E4ABD24596EF400DD8F64 /* Products */;
			projectDirPath = "";
			projectRoot = "";
			targets = (
				540E4ABB24596EF400DD8F64 /* baitapbuoi20 */,
			);
		};
/* End PBXProject section */

/* Begin PBXResourcesBuildPhase section */
		540E4ABA24596EF400DD8F64 /* Resources */ = {
			isa = PBXResourcesBuildPhase;
			buildActionMask = 2147483647;
			files = (
				540E4ACC24596EF500DD8F64 /* LaunchScreen.storyboard in Resources */,
				540E4AC924596EF500DD8F64 /* Assets.xcassets in Resources */,
				540E4ADA2459739100DD8F64 /* secondViewController.xib in Resources */,
				540E4AC724596EF400DD8F64 /* Main.storyboard in Resources */,
				540E4AD624596F3D00DD8F64 /* firstViewController.xib in Resources */,
			);
			runOnlyForDeploymentPostprocessing = 0;
		};
/* End PBXResourcesBuildPhase section */

/* Begin PBXSourcesBuildPhase section */
		540E4AB824596EF400DD8F64 /* Sources */ = {
			isa = PBXSourcesBuildPhase;
			buildActionMask = 2147483647;
			files = (
				540E4AD92459739100DD8F64 /* secondViewController.swift in Sources */,
				540E4AC024596EF400DD8F64 /* AppDelegate.swift in Sources */,
				540E4ADC24598AED00DD8F64 /* check.swift in Sources */,
				540E4AC224596EF400DD8F64 /* SceneDelegate.swift in Sources */,
				540E4AD524596F3D00DD8F64 /* firstViewController.swift in Sources */,
			);
			runOnlyForDeploymentPostprocessing = 0;
		};
/* End PBXSourcesBuildPhase section */

/* Begin PBXVariantGroup section */
		540E4AC524596EF400DD8F64 /* Main.storyboard */ = {
			isa = PBXVariantGroup;
			children = (
				540E4AC624596EF400DD8F64 /* Base */,
			);
			name = Main.storyboard;
			sourceTree = "<group>";
		};
		540E4ACA24596EF500DD8F64 /* LaunchScreen.storyboard */ = {
			isa = PBXVariantGroup;
			children = (
				540E4ACB24596EF500DD8F64 /* Base */,
			);
			name = LaunchScreen.storyboard;
			sourceTree = "<group>";
		};
/* End PBXVariantGroup section */

/* Begin XCBuildConfiguration section */
		540E4ACE24596EF500DD8F64 /* Debug */ = {
			isa = XCBuildConfiguration;
			buildSettings = {
				ALWAYS_SEARCH_USER_PATHS = NO;
				CLANG_ANALYZER_NONNULL = YES;
				CLANG_ANALYZER_NUMBER_OBJECT_CONVERSION = YES_AGGRESSIVE;
				CLANG_CXX_LANGUAGE_STANDARD = "gnu++14";
				CLANG_CXX_LIBRARY = "libc++";
				CLANG_ENABLE_MODULES = YES;
				CLANG_ENABLE_OBJC_ARC = YES;
				CLANG_ENABLE_OBJC_WEAK = YES;
				CLANG_WARN_BLOCK_CAPTURE_AUTORELEASING = YES;
				CLANG_WARN_BOOL_CONVERSION = YES;
				CLANG_WARN_COMMA = YES;
				CLANG_WARN_CONSTANT_CONVERSION = YES;
				CLANG_WARN_DEPRECATED_OBJC_IMPLEMENTATIONS = YES;
				CLANG_WARN_DIRECT_OBJC_ISA_USAGE = YES_ERROR;
				CLANG_WARN_DOCUMENTATION_COMMENTS = YES;
				CLANG_WARN_EMPTY_BODY = YES;
				CLANG_WARN_ENUM_CONVERSION = YES;
				CLANG_WARN_INFINITE_RECURSION = YES;
				CLANG_WARN_INT_CONVERSION = YES;
				CLANG_WARN_NON_LITERAL_NULL_CONVERSION = YES;
				CLANG_WARN_OBJC_IMPLICIT_RETAIN_SELF = YES;
				CLANG_WARN_OBJC_LITERAL_CONVERSION = YES;
				CLANG_WARN_OBJC_ROOT_CLASS = YES_ERROR;
				CLANG_WARN_RANGE_LOOP_ANALYSIS = YES;
				CLANG_WARN_STRICT_PROTOTYPES = YES;
				CLANG_WARN_SUSPICIOUS_MOVE = YES;
				CLANG_WARN_UNGUARDED_AVAILABILITY = YES_AGGRESSIVE;
				CLANG_WARN_UNREACHABLE_CODE = YES;
				CLANG_WARN__DUPLICATE_METHOD_MATCH = YES;
				COPY_PHASE_STRIP = NO;
				DEBUG_INFORMATION_FORMAT = dwarf;
				ENABLE_STRICT_OBJC_MSGSEND = YES;
				ENABLE_TESTABILITY = YES;
				GCC_C_LANGUAGE_STANDARD = gnu11;
				GCC_DYNAMIC_NO_PIC = NO;
				GCC_NO_COMMON_BLOCKS = YES;
				GCC_OPTIMIZATION_LEVEL = 0;
				GCC_PREPROCESSOR_DEFINITIONS = (
					"DEBUG=1",
					"$(inherited)",
				);
				GCC_WARN_64_TO_32_BIT_CONVERSION = YES;
				GCC_WARN_ABOUT_RETURN_TYPE = YES_ERROR;
				GCC_WARN_UNDECLARED_SELECTOR = YES;
				GCC_WARN_UNINITIALIZED_AUTOS = YES_AGGRESSIVE;
				GCC_WARN_UNUSED_FUNCTION = YES;
				GCC_WARN_UNUSED_VARIABLE = YES;
				IPHONEOS_DEPLOYMENT_TARGET = 13.2;
				MTL_ENABLE_DEBUG_INFO = INCLUDE_SOURCE;
				MTL_FAST_MATH = YES;
				ONLY_ACTIVE_ARCH = YES;
				SDKROOT = iphoneos;
				SWIFT_ACTIVE_COMPILATION_CONDITIONS = DEBUG;
				SWIFT_OPTIMIZATION_LEVEL = "-Onone";
			};
			name = Debug;
		};
		540E4ACF24596EF500DD8F64 /* Release */ = {
			isa = XCBuildConfiguration;
			buildSettings = {
				ALWAYS_SEARCH_USER_PATHS = NO;
				CLANG_ANALYZER_NONNULL = YES;
				CLANG_ANALYZER_NUMBER_OBJECT_CONVERSION = YES_AGGRESSIVE;
				CLANG_CXX_LANGUAGE_STANDARD = "gnu++14";
				CLANG_CXX_LIBRARY = "libc++";
				CLANG_ENABLE_MODULES = YES;
				CLANG_ENABLE_OBJC_ARC = YES;
				CLANG_ENABLE_OBJC_WEAK = YES;
				CLANG_WARN_BLOCK_CAPTURE_AUTORELEASING = YES;
				CLANG_WARN_BOOL_CONVERSION = YES;
				CLANG_WARN_COMMA = YES;
				CLANG_WARN_CONSTANT_CONVERSION = YES;
				CLANG_WARN_DEPRECATED_OBJC_IMPLEMENTATIONS = YES;
				CLANG_WARN_DIRECT_OBJC_ISA_USAGE = YES_ERROR;
				CLANG_WARN_DOCUMENTATION_COMMENTS = YES;
				CLANG_WARN_EMPTY_BODY = YES;
				CLANG_WARN_ENUM_CONVERSION = YES;
				CLANG_WARN_INFINITE_RECURSION = YES;
				CLANG_WARN_INT_CONVERSION = YES;
				CLANG_WARN_NON_LITERAL_NULL_CONVERSION = YES;
				CLANG_WARN_OBJC_IMPLICIT_RETAIN_SELF = YES;
				CLANG_WARN_OBJC_LITERAL_CONVERSION = YES;
				CLANG_WARN_OBJC_ROOT_CLASS = YES_ERROR;
				CLANG_WARN_RANGE_LOOP_ANALYSIS = YES;
				CLANG_WARN_STRICT_PROTOTYPES = YES;
				CLANG_WARN_SUSPICIOUS_MOVE = YES;
				CLANG_WARN_UNGUARDED_AVAILABILITY = YES_AGGRESSIVE;
				CLANG_WARN_UNREACHABLE_CODE = YES;
				CLANG_WARN__DUPLICATE_METHOD_MATCH = YES;
				COPY_PHASE_STRIP = NO;
				DEBUG_INFORMATION_FORMAT = "dwarf-with-dsym";
				ENABLE_NS_ASSERTIONS = NO;
				ENABLE_STRICT_OBJC_MSGSEND = YES;
				GCC_C_LANGUAGE_STANDARD = gnu11;
				GCC_NO_COMMON_BLOCKS = YES;
				GCC_WARN_64_TO_32_BIT_CONVERSION = YES;
				GCC_WARN_ABOUT_RETURN_TYPE = YES_ERROR;
				GCC_WARN_UNDECLARED_SELECTOR = YES;
				GCC_WARN_UNINITIALIZED_AUTOS = YES_AGGRESSIVE;
				GCC_WARN_UNUSED_FUNCTION = YES;
				GCC_WARN_UNUSED_VARIABLE = YES;
				IPHONEOS_DEPLOYMENT_TARGET = 13.2;
				MTL_ENABLE_DEBUG_INFO = NO;
				MTL_FAST_MATH = YES;
				SDKROOT = iphoneos;
				SWIFT_COMPILATION_MODE = wholemodule;
				SWIFT_OPTIMIZATION_LEVEL = "-O";
				VALIDATE_PRODUCT = YES;
			};
			name = Release;
		};
		540E4AD124596EF500DD8F64 /* Debug */ = {
			isa = XCBuildConfiguration;
			buildSettings = {
				ASSETCATALOG_COMPILER_APPICON_NAME = AppIcon;
				CODE_SIGN_STYLE = Automatic;
				INFOPLIST_FILE = baitapbuoi20/Info.plist;
				LD_RUNPATH_SEARCH_PATHS = (
					"$(inherited)",
					"@executable_path/Frameworks",
				);
				PRODUCT_BUNDLE_IDENTIFIER = com.toannguyen.baitapbuoi20;
				PRODUCT_NAME = "$(TARGET_NAME)";
				SWIFT_VERSION = 5.0;
				TARGETED_DEVICE_FAMILY = "1,2";
			};
			name = Debug;
		};
		540E4AD224596EF500DD8F64 /* Release */ = {
			isa = XCBuildConfiguration;
			buildSettings = {
				ASSETCATALOG_COMPILER_APPICON_NAME = AppIcon;
				CODE_SIGN_STYLE = Automatic;
				INFOPLIST_FILE = baitapbuoi20/Info.plist;
				LD_RUNPATH_SEARCH_PATHS = (
					"$(inherited)",
					"@executable_path/Frameworks",
				);
				PRODUCT_BUNDLE_IDENTIFIER = com.toannguyen.baitapbuoi20;
				PRODUCT_NAME = "$(TARGET_NAME)";
				SWIFT_VERSION = 5.0;
				TARGETED_DEVICE_FAMILY = "1,2";
			};
			name = Release;
		};
/* End XCBuildConfiguration section */

/* Begin XCConfigurationList section */
		540E4AB724596EF400DD8F64 /* Build configuration list for PBXProject "baitapbuoi20" */ = {
			isa = XCConfigurationList;
			buildConfigurations = (
				540E4ACE24596EF500DD8F64 /* Debug */,
				540E4ACF24596EF500DD8F64 /* Release */,
			);
			defaultConfigurationIsVisible = 0;
			defaultConfigurationName = Release;
		};
		540E4AD024596EF500DD8F64 /* Build configuration list for PBXNativeTarget "baitapbuoi20" */ = {
			isa = XCConfigurationList;
			buildConfigurations = (
				540E4AD124596EF500DD8F64 /* Debug */,
				540E4AD224596EF500DD8F64 /* Release */,
			);
			defaultConfigurationIsVisible = 0;
			defaultConfigurationName = Release;
		};
/* End XCConfigurationList section */
	};
	rootObject = 540E4AB424596EF400DD8F64 /* Project object */;
}
